{
  "name": "unicode-data-parser",
  "version": "1.0.0",
  "lockfileVersion": 2,
  "requires": true,
  "packages": {
    "": {
      "name": "unicode-data-parser",
      "version": "1.0.0",
      "dependencies": {
        "characterset": "=2.0.0"
      },
      "bin": {
        "unicode-data-parser": "bin/parse"
      }
    },
    "node_modules/characterset": {
      "version": "2.0.0",
      "resolved": "https://registry.npmjs.org/characterset/-/characterset-2.0.0.tgz",
      "integrity": "sha512-+eMa/W+3FwFZh6dcaVrKkOFN4DlvOa2Z1zTZngs/ZvAVUb/sAFRo8hYuX9lzOAd8J5uc62WMACiYHW742P5erA=="
    }
  },
  "dependencies": {
    "characterset": {
      "version": "2.0.0",
      "resolved": "https://registry.npmjs.org/characterset/-/characterset-2.0.0.tgz",
      "integrity": "sha512-+eMa/W+3FwFZh6dcaVrKkOFN4DlvOa2Z1zTZngs/ZvAVUb/sAFRo8hYuX9lzOAd8J5uc62WMACiYHW742P5erA=="
    }
  }
}
